
Microsoft Visual Studio Solution File, Format Version 12.00
# Visual Studio Version 17
VisualStudioVersion = 17.9.34701.34
MinimumVisualStudioVersion = 10.0.40219.1
Project("{9A19103F-16F7-4668-BE54-9A1E7A4F7556}") = "NFT.Server", "Server\NFT.Server.csproj", "{A79A6178-9156-4C74-9F9D-67238DD4C06C}"
EndProject
Project("{9A19103F-16F7-4668-BE54-9A1E7A4F7556}") = "NFT.Client", "Client\NFT.Client.csproj", "{20585BB7-AAF0-44E9-B433-1DBD73CF15E0}"
EndProject
Project("{9A19103F-16F7-4668-BE54-9A1E7A4F7556}") = "NFT.Shared", "Shared\NFT.Shared.csproj", "{8C8C2F28-4D51-48FC-8A94-FF0691908B51}"
EndProject
Project("{9A19103F-16F7-4668-BE54-9A1E7A4F7556}") = "NFT.Core", "..\NFT.Core\NFT.Core.csproj", "{BED02761-B681-4AE5-8ED8-F69673D54876}"
EndProject
Project("{9A19103F-16F7-4668-BE54-9A1E7A4F7556}") = "NFT.UseCases", "..\NFT.UseCases\NFT.UseCases.csproj", "{10562974-F41A-4ACB-B2AD-50DD4C3CD82D}"
EndProject
Project("{9A19103F-16F7-4668-BE54-9A1E7A4F7556}") = "NFT.Infrastructure", "..\NFT.Infrastructure\NFT.Infrastructure.csproj", "{2404CD75-8308-4842-9A94-5490D15B413A}"
EndProject
Project("{9A19103F-16F7-4668-BE54-9A1E7A4F7556}") = "ConsoleApp1", "ConsoleApp1\ConsoleApp1.csproj", "{D2E391AA-A447-4439-95DD-5C26FE1C7AF1}"
EndProject
Global
	GlobalSection(SolutionConfigurationPlatforms) = preSolution
		Debug|Any CPU = Debug|Any CPU
		Release|Any CPU = Release|Any CPU
	EndGlobalSection
	GlobalSection(ProjectConfigurationPlatforms) = postSolution
		{A79A6178-9156-4C74-9F9D-67238DD4C06C}.Debug|Any CPU.ActiveCfg = Debug|Any CPU
		{A79A6178-9156-4C74-9F9D-67238DD4C06C}.Debug|Any CPU.Build.0 = Debug|Any CPU
		{A79A6178-9156-4C74-9F9D-67238DD4C06C}.Release|Any CPU.ActiveCfg = Release|Any CPU
		{A79A6178-9156-4C74-9F9D-67238DD4C06C}.Release|Any CPU.Build.0 = Release|Any CPU
		{20585BB7-AAF0-44E9-B433-1DBD73CF15E0}.Debug|Any CPU.ActiveCfg = Debug|Any CPU
		{20585BB7-AAF0-44E9-B433-1DBD73CF15E0}.Debug|Any CPU.Build.0 = Debug|Any CPU
		{20585BB7-AAF0-44E9-B433-1DBD73CF15E0}.Release|Any CPU.ActiveCfg = Release|Any CPU
		{20585BB7-AAF0-44E9-B433-1DBD73CF15E0}.Release|Any CPU.Build.0 = Release|Any CPU
		{8C8C2F28-4D51-48FC-8A94-FF0691908B51}.Debug|Any CPU.ActiveCfg = Debug|Any CPU
		{8C8C2F28-4D51-48FC-8A94-FF0691908B51}.Debug|Any CPU.Build.0 = Debug|Any CPU
		{8C8C2F28-4D51-48FC-8A94-FF0691908B51}.Release|Any CPU.ActiveCfg = Release|Any CPU
		{8C8C2F28-4D51-48FC-8A94-FF0691908B51}.Release|Any CPU.Build.0 = Release|Any CPU
		{BED02761-B681-4AE5-8ED8-F69673D54876}.Debug|Any CPU.ActiveCfg = Debug|Any CPU
		{BED02761-B681-4AE5-8ED8-F69673D54876}.Debug|Any CPU.Build.0 = Debug|Any CPU
		{BED02761-B681-4AE5-8ED8-F69673D54876}.Release|Any CPU.ActiveCfg = Release|Any CPU
		{BED02761-B681-4AE5-8ED8-F69673D54876}.Release|Any CPU.Build.0 = Release|Any CPU
		{10562974-F41A-4ACB-B2AD-50DD4C3CD82D}.Debug|Any CPU.ActiveCfg = Debug|Any CPU
		{10562974-F41A-4ACB-B2AD-50DD4C3CD82D}.Debug|Any CPU.Build.0 = Debug|Any CPU
		{10562974-F41A-4ACB-B2AD-50DD4C3CD82D}.Release|Any CPU.ActiveCfg = Release|Any CPU
		{10562974-F41A-4ACB-B2AD-50DD4C3CD82D}.Release|Any CPU.Build.0 = Release|Any CPU
		{2404CD75-8308-4842-9A94-5490D15B413A}.Debug|Any CPU.ActiveCfg = Debug|Any CPU
		{2404CD75-8308-4842-9A94-5490D15B413A}.Debug|Any CPU.Build.0 = Debug|Any CPU
		{2404CD75-8308-4842-9A94-5490D15B413A}.Release|Any CPU.ActiveCfg = Release|Any CPU
		{2404CD75-8308-4842-9A94-5490D15B413A}.Release|Any CPU.Build.0 = Release|Any CPU
		{D2E391AA-A447-4439-95DD-5C26FE1C7AF1}.Debug|Any CPU.ActiveCfg = Debug|Any CPU
		{D2E391AA-A447-4439-95DD-5C26FE1C7AF1}.Debug|Any CPU.Build.0 = Debug|Any CPU
		{D2E391AA-A447-4439-95DD-5C26FE1C7AF1}.Release|Any CPU.ActiveCfg = Release|Any CPU
		{D2E391AA-A447-4439-95DD-5C26FE1C7AF1}.Release|Any CPU.Build.0 = Release|Any CPU
	EndGlobalSection
	GlobalSection(SolutionProperties) = preSolution
		HideSolutionNode = FALSE
	EndGlobalSection
	GlobalSection(ExtensibilityGlobals) = postSolution
		SolutionGuid = {37078571-36CF-416F-A759-8DEB2E9FF626}
	EndGlobalSection
EndGlobal
